// !$*UTF8*$!
{
	archiveVersion = 1;
	classes = {
	};
	objectVersion = 55;
	objects = {

/* Begin PBXBuildFile section */
		D0651EC128449BAF00CE23D9 /* AppDelegate.swift in Sources */ = {isa = PBXBuildFile; fileRef = D0651EC028449BAF00CE23D9 /* AppDelegate.swift */; };
		D0651EC328449BAF00CE23D9 /* SceneDelegate.swift in Sources */ = {isa = PBXBuildFile; fileRef = D0651EC228449BAF00CE23D9 /* SceneDelegate.swift */; };
		D0651EC528449BAF00CE23D9 /* MainTabBarController.swift in Sources */ = {isa = PBXBuildFile; fileRef = D0651EC428449BAF00CE23D9 /* MainTabBarController.swift */; };
		D0651ECA28449BBA00CE23D9 /* Assets.xcassets in Resources */ = {isa = PBXBuildFile; fileRef = D0651EC928449BBA00CE23D9 /* Assets.xcassets */; };
		D0651ECD28449BBA00CE23D9 /* LaunchScreen.storyboard in Resources */ = {isa = PBXBuildFile; fileRef = D0651ECB28449BBA00CE23D9 /* LaunchScreen.storyboard */; };
		D0651EDA2844B23A00CE23D9 /* HomeViewController.swift in Sources */ = {isa = PBXBuildFile; fileRef = D0651ED92844B23A00CE23D9 /* HomeViewController.swift */; };
		D0651EDC2844B24700CE23D9 /* UpcomingViewController.swift in Sources */ = {isa = PBXBuildFile; fileRef = D0651EDB2844B24700CE23D9 /* UpcomingViewController.swift */; };
		D0651EDE2844B25700CE23D9 /* SearchViewController.swift in Sources */ = {isa = PBXBuildFile; fileRef = D0651EDD2844B25700CE23D9 /* SearchViewController.swift */; };
		D0651EE02844B26800CE23D9 /* DownloadViewController.swift in Sources */ = {isa = PBXBuildFile; fileRef = D0651EDF2844B26800CE23D9 /* DownloadViewController.swift */; };
		D0651EE22844B9B700CE23D9 /* Constants.swift in Sources */ = {isa = PBXBuildFile; fileRef = D0651EE12844B9B700CE23D9 /* Constants.swift */; };
		D0651EE92844C3BF00CE23D9 /* CollectionViewInTableViewCell.swift in Sources */ = {isa = PBXBuildFile; fileRef = D0651EE82844C3BF00CE23D9 /* CollectionViewInTableViewCell.swift */; };
		D0651EEB2844D1A400CE23D9 /* TopHeaderUIView.swift in Sources */ = {isa = PBXBuildFile; fileRef = D0651EEA2844D1A400CE23D9 /* TopHeaderUIView.swift */; };
		D0B093D7284755D800A49FEB /* TitleCollectionViewCell.swift in Sources */ = {isa = PBXBuildFile; fileRef = D0B093D6284755D800A49FEB /* TitleCollectionViewCell.swift */; };
		D0B093DA28475AED00A49FEB /* SDWebImage in Frameworks */ = {isa = PBXBuildFile; productRef = D0B093D928475AED00A49FEB /* SDWebImage */; };
		D0B093DC28475AED00A49FEB /* SDWebImageMapKit in Frameworks */ = {isa = PBXBuildFile; productRef = D0B093DB28475AED00A49FEB /* SDWebImageMapKit */; };
		D0B093DE2848B15A00A49FEB /* TitleTableViewCell.swift in Sources */ = {isa = PBXBuildFile; fileRef = D0B093DD2848B15A00A49FEB /* TitleTableViewCell.swift */; };
		D0B093E02848B87400A49FEB /* TitleViewModel.swift in Sources */ = {isa = PBXBuildFile; fileRef = D0B093DF2848B87400A49FEB /* TitleViewModel.swift */; };
		D0E02D7D284659C400BE9390 /* APICaller.swift in Sources */ = {isa = PBXBuildFile; fileRef = D0E02D7C284659C400BE9390 /* APICaller.swift */; };
		D0E02D7F284661E400BE9390 /* Title.swift in Sources */ = {isa = PBXBuildFile; fileRef = D0E02D7E284661E300BE9390 /* Title.swift */; };
/* End PBXBuildFile section */

/* Begin PBXFileReference section */
		D0651EBD28449BAF00CE23D9 /* Movie Box.app */ = {isa = PBXFileReference; explicitFileType = wrapper.application; includeInIndex = 0; path = "Movie Box.app"; sourceTree = BUILT_PRODUCTS_DIR; };
		D0651EC028449BAF00CE23D9 /* AppDelegate.swift */ = {isa = PBXFileReference; lastKnownFileType = sourcecode.swift; path = AppDelegate.swift; sourceTree = "<group>"; };
		D0651EC228449BAF00CE23D9 /* SceneDelegate.swift */ = {isa = PBXFileReference; lastKnownFileType = sourcecode.swift; path = SceneDelegate.swift; sourceTree = "<group>"; };
		D0651EC428449BAF00CE23D9 /* MainTabBarController.swift */ = {isa = PBXFileReference; lastKnownFileType = sourcecode.swift; path = MainTabBarController.swift; sourceTree = "<group>"; };
		D0651EC928449BBA00CE23D9 /* Assets.xcassets */ = {isa = PBXFileReference; lastKnownFileType = folder.assetcatalog; path = Assets.xcassets; sourceTree = "<group>"; };
		D0651ECC28449BBA00CE23D9 /* Base */ = {isa = PBXFileReference; lastKnownFileType = file.storyboard; name = Base; path = Base.lproj/LaunchScreen.storyboard; sourceTree = "<group>"; };
		D0651ECE28449BBA00CE23D9 /* Info.plist */ = {isa = PBXFileReference; lastKnownFileType = text.plist.xml; path = Info.plist; sourceTree = "<group>"; };
		D0651ED92844B23A00CE23D9 /* HomeViewController.swift */ = {isa = PBXFileReference; lastKnownFileType = sourcecode.swift; path = HomeViewController.swift; sourceTree = "<group>"; };
		D0651EDB2844B24700CE23D9 /* UpcomingViewController.swift */ = {isa = PBXFileReference; lastKnownFileType = sourcecode.swift; path = UpcomingViewController.swift; sourceTree = "<group>"; };
		D0651EDD2844B25700CE23D9 /* SearchViewController.swift */ = {isa = PBXFileReference; lastKnownFileType = sourcecode.swift; path = SearchViewController.swift; sourceTree = "<group>"; };
		D0651EDF2844B26800CE23D9 /* DownloadViewController.swift */ = {isa = PBXFileReference; lastKnownFileType = sourcecode.swift; path = DownloadViewController.swift; sourceTree = "<group>"; };
		D0651EE12844B9B700CE23D9 /* Constants.swift */ = {isa = PBXFileReference; lastKnownFileType = sourcecode.swift; path = Constants.swift; sourceTree = "<group>"; };
		D0651EE82844C3BF00CE23D9 /* CollectionViewInTableViewCell.swift */ = {isa = PBXFileReference; lastKnownFileType = sourcecode.swift; path = CollectionViewInTableViewCell.swift; sourceTree = "<group>"; };
		D0651EEA2844D1A400CE23D9 /* TopHeaderUIView.swift */ = {isa = PBXFileReference; lastKnownFileType = sourcecode.swift; path = TopHeaderUIView.swift; sourceTree = "<group>"; };
		D0B093D6284755D800A49FEB /* TitleCollectionViewCell.swift */ = {isa = PBXFileReference; lastKnownFileType = sourcecode.swift; path = TitleCollectionViewCell.swift; sourceTree = "<group>"; };
		D0B093DD2848B15A00A49FEB /* TitleTableViewCell.swift */ = {isa = PBXFileReference; lastKnownFileType = sourcecode.swift; path = TitleTableViewCell.swift; sourceTree = "<group>"; };
		D0B093DF2848B87400A49FEB /* TitleViewModel.swift */ = {isa = PBXFileReference; lastKnownFileType = sourcecode.swift; path = TitleViewModel.swift; sourceTree = "<group>"; };
		D0E02D7C284659C400BE9390 /* APICaller.swift */ = {isa = PBXFileReference; lastKnownFileType = sourcecode.swift; path = APICaller.swift; sourceTree = "<group>"; };
		D0E02D7E284661E300BE9390 /* Title.swift */ = {isa = PBXFileReference; lastKnownFileType = sourcecode.swift; path = Title.swift; sourceTree = "<group>"; };
/* End PBXFileReference section */

/* Begin PBXFrameworksBuildPhase section */
		D0651EBA28449BAF00CE23D9 /* Frameworks */ = {
			isa = PBXFrameworksBuildPhase;
			buildActionMask = 2147483647;
			files = (
				D0B093DC28475AED00A49FEB /* SDWebImageMapKit in Frameworks */,
				D0B093DA28475AED00A49FEB /* SDWebImage in Frameworks */,
			);
			runOnlyForDeploymentPostprocessing = 0;
		};
/* End PBXFrameworksBuildPhase section */

/* Begin PBXGroup section */
		D0651EB428449BAF00CE23D9 = {
			isa = PBXGroup;
			children = (
				D0651EBF28449BAF00CE23D9 /* Movie Box */,
				D0651EBE28449BAF00CE23D9 /* Products */,
			);
			sourceTree = "<group>";
		};
		D0651EBE28449BAF00CE23D9 /* Products */ = {
			isa = PBXGroup;
			children = (
				D0651EBD28449BAF00CE23D9 /* Movie Box.app */,
			);
			name = Products;
			sourceTree = "<group>";
		};
		D0651EBF28449BAF00CE23D9 /* Movie Box */ = {
			isa = PBXGroup;
			children = (
				D0651EC028449BAF00CE23D9 /* AppDelegate.swift */,
				D0651EC228449BAF00CE23D9 /* SceneDelegate.swift */,
				D0651EE72844C35D00CE23D9 /* Managers */,
				D0651EE62844C34900CE23D9 /* Resources */,
				D0651EE52844C32000CE23D9 /* Models */,
				D0651EE32844C2FF00CE23D9 /* Views */,
				D0651EE42844C31000CE23D9 /* ViewModels */,
				D0651ED42844B0AE00CE23D9 /* Controlllers */,
				D0651EC928449BBA00CE23D9 /* Assets.xcassets */,
				D0651ECB28449BBA00CE23D9 /* LaunchScreen.storyboard */,
				D0651ECE28449BBA00CE23D9 /* Info.plist */,
			);
			path = "Movie Box";
			sourceTree = "<group>";
		};
		D0651ED42844B0AE00CE23D9 /* Controlllers */ = {
			isa = PBXGroup;
			children = (
				D0651EC428449BAF00CE23D9 /* MainTabBarController.swift */,
				D0651ED92844B23A00CE23D9 /* HomeViewController.swift */,
				D0651EDB2844B24700CE23D9 /* UpcomingViewController.swift */,
				D0651EDD2844B25700CE23D9 /* SearchViewController.swift */,
				D0651EDF2844B26800CE23D9 /* DownloadViewController.swift */,
			);
			path = Controlllers;
			sourceTree = "<group>";
		};
		D0651EE32844C2FF00CE23D9 /* Views */ = {
			isa = PBXGroup;
			children = (
				D0651EE82844C3BF00CE23D9 /* CollectionViewInTableViewCell.swift */,
				D0651EEA2844D1A400CE23D9 /* TopHeaderUIView.swift */,
				D0B093D6284755D800A49FEB /* TitleCollectionViewCell.swift */,
				D0B093DD2848B15A00A49FEB /* TitleTableViewCell.swift */,
			);
			path = Views;
			sourceTree = "<group>";
		};
		D0651EE42844C31000CE23D9 /* ViewModels */ = {
			isa = PBXGroup;
			children = (
				D0B093DF2848B87400A49FEB /* TitleViewModel.swift */,
			);
			path = ViewModels;
			sourceTree = "<group>";
		};
		D0651EE52844C32000CE23D9 /* Models */ = {
			isa = PBXGroup;
			children = (
				D0E02D7E284661E300BE9390 /* Title.swift */,
			);
			path = Models;
			sourceTree = "<group>";
		};
		D0651EE62844C34900CE23D9 /* Resources */ = {
			isa = PBXGroup;
			children = (
				D0651EE12844B9B700CE23D9 /* Constants.swift */,
			);
			path = Resources;
			sourceTree = "<group>";
		};
		D0651EE72844C35D00CE23D9 /* Managers */ = {
			isa = PBXGroup;
			children = (
				D0E02D7C284659C400BE9390 /* APICaller.swift */,
			);
			path = Managers;
			sourceTree = "<group>";
		};
/* End PBXGroup section */

/* Begin PBXNativeTarget section */
		D0651EBC28449BAF00CE23D9 /* Movie Box */ = {
			isa = PBXNativeTarget;
			buildConfigurationList = D0651ED128449BBA00CE23D9 /* Build configuration list for PBXNativeTarget "Movie Box" */;
			buildPhases = (
				D0651EB928449BAF00CE23D9 /* Sources */,
				D0651EBA28449BAF00CE23D9 /* Frameworks */,
				D0651EBB28449BAF00CE23D9 /* Resources */,
			);
			buildRules = (
			);
			dependencies = (
			);
			name = "Movie Box";
			packageProductDependencies = (
				D0B093D928475AED00A49FEB /* SDWebImage */,
				D0B093DB28475AED00A49FEB /* SDWebImageMapKit */,
			);
			productName = "Movie Box";
			productReference = D0651EBD28449BAF00CE23D9 /* Movie Box.app */;
			productType = "com.apple.product-type.application";
		};
/* End PBXNativeTarget section */

/* Begin PBXProject section */
		D0651EB528449BAF00CE23D9 /* Project object */ = {
			isa = PBXProject;
			attributes = {
				BuildIndependentTargetsInParallel = 1;
				LastSwiftUpdateCheck = 1330;
				LastUpgradeCheck = 1330;
				TargetAttributes = {
					D0651EBC28449BAF00CE23D9 = {
						CreatedOnToolsVersion = 13.3.1;
					};
				};
			};
			buildConfigurationList = D0651EB828449BAF00CE23D9 /* Build configuration list for PBXProject "Movie Box" */;
			compatibilityVersion = "Xcode 13.0";
			developmentRegion = en;
			hasScannedForEncodings = 0;
			knownRegions = (
				en,
				Base,
			);
			mainGroup = D0651EB428449BAF00CE23D9;
			packageReferences = (
				D0B093D828475AED00A49FEB /* XCRemoteSwiftPackageReference "SDWebImage" */,
			);
			productRefGroup = D0651EBE28449BAF00CE23D9 /* Products */;
			projectDirPath = "";
			projectRoot = "";
			targets = (
				D0651EBC28449BAF00CE23D9 /* Movie Box */,
			);
		};
/* End PBXProject section */

/* Begin PBXResourcesBuildPhase section */
		D0651EBB28449BAF00CE23D9 /* Resources */ = {
			isa = PBXResourcesBuildPhase;
			buildActionMask = 2147483647;
			files = (
				D0651ECD28449BBA00CE23D9 /* LaunchScreen.storyboard in Resources */,
				D0651ECA28449BBA00CE23D9 /* Assets.xcassets in Resources */,
			);
			runOnlyForDeploymentPostprocessing = 0;
		};
/* End PBXResourcesBuildPhase section */

/* Begin PBXSourcesBuildPhase section */
		D0651EB928449BAF00CE23D9 /* Sources */ = {
			isa = PBXSourcesBuildPhase;
			buildActionMask = 2147483647;
			files = (
				D0B093DE2848B15A00A49FEB /* TitleTableViewCell.swift in Sources */,
				D0651EE92844C3BF00CE23D9 /* CollectionViewInTableViewCell.swift in Sources */,
				D0B093D7284755D800A49FEB /* TitleCollectionViewCell.swift in Sources */,
				D0651EDE2844B25700CE23D9 /* SearchViewController.swift in Sources */,
				D0E02D7F284661E400BE9390 /* Title.swift in Sources */,
				D0651EC528449BAF00CE23D9 /* MainTabBarController.swift in Sources */,
				D0651EC128449BAF00CE23D9 /* AppDelegate.swift in Sources */,
				D0651EE02844B26800CE23D9 /* DownloadViewController.swift in Sources */,
				D0651EC328449BAF00CE23D9 /* SceneDelegate.swift in Sources */,
				D0651EDC2844B24700CE23D9 /* UpcomingViewController.swift in Sources */,
				D0651EEB2844D1A400CE23D9 /* TopHeaderUIView.swift in Sources */,
				D0E02D7D284659C400BE9390 /* APICaller.swift in Sources */,
				D0651EDA2844B23A00CE23D9 /* HomeViewController.swift in Sources */,
				D0651EE22844B9B700CE23D9 /* Constants.swift in Sources */,
				D0B093E02848B87400A49FEB /* TitleViewModel.swift in Sources */,
			);
			runOnlyForDeploymentPostprocessing = 0;
		};
/* End PBXSourcesBuildPhase section */

/* Begin PBXVariantGroup section */
		D0651ECB28449BBA00CE23D9 /* LaunchScreen.storyboard */ = {
			isa = PBXVariantGroup;
			children = (
				D0651ECC28449BBA00CE23D9 /* Base */,
			);
			name = LaunchScreen.storyboard;
			sourceTree = "<group>";
		};
/* End PBXVariantGroup section */

/* Begin XCBuildConfiguration section */
		D0651ECF28449BBA00CE23D9 /* Debug */ = {
			isa = XCBuildConfiguration;
			buildSettings = {
				ALWAYS_SEARCH_USER_PATHS = NO;
				CLANG_ANALYZER_NONNULL = YES;
				CLANG_ANALYZER_NUMBER_OBJECT_CONVERSION = YES_AGGRESSIVE;
				CLANG_CXX_LANGUAGE_STANDARD = "gnu++17";
				CLANG_ENABLE_MODULES = YES;
				CLANG_ENABLE_OBJC_ARC = YES;
				CLANG_ENABLE_OBJC_WEAK = YES;
				CLANG_WARN_BLOCK_CAPTURE_AUTORELEASING = YES;
				CLANG_WARN_BOOL_CONVERSION = YES;
				CLANG_WARN_COMMA = YES;
				CLANG_WARN_CONSTANT_CONVERSION = YES;
				CLANG_WARN_DEPRECATED_OBJC_IMPLEMENTATIONS = YES;
				CLANG_WARN_DIRECT_OBJC_ISA_USAGE = YES_ERROR;
				CLANG_WARN_DOCUMENTATION_COMMENTS = YES;
				CLANG_WARN_EMPTY_BODY = YES;
				CLANG_WARN_ENUM_CONVERSION = YES;
				CLANG_WARN_INFINITE_RECURSION = YES;
				CLANG_WARN_INT_CONVERSION = YES;
				CLANG_WARN_NON_LITERAL_NULL_CONVERSION = YES;
				CLANG_WARN_OBJC_IMPLICIT_RETAIN_SELF = YES;
				CLANG_WARN_OBJC_LITERAL_CONVERSION = YES;
				CLANG_WARN_OBJC_ROOT_CLASS = YES_ERROR;
				CLANG_WARN_QUOTED_INCLUDE_IN_FRAMEWORK_HEADER = YES;
				CLANG_WARN_RANGE_LOOP_ANALYSIS = YES;
				CLANG_WARN_STRICT_PROTOTYPES = YES;
				CLANG_WARN_SUSPICIOUS_MOVE = YES;
				CLANG_WARN_UNGUARDED_AVAILABILITY = YES_AGGRESSIVE;
				CLANG_WARN_UNREACHABLE_CODE = YES;
				CLANG_WARN__DUPLICATE_METHOD_MATCH = YES;
				COPY_PHASE_STRIP = NO;
				DEBUG_INFORMATION_FORMAT = dwarf;
				ENABLE_STRICT_OBJC_MSGSEND = YES;
				ENABLE_TESTABILITY = YES;
				GCC_C_LANGUAGE_STANDARD = gnu11;
				GCC_DYNAMIC_NO_PIC = NO;
				GCC_NO_COMMON_BLOCKS = YES;
				GCC_OPTIMIZATION_LEVEL = 0;
				GCC_PREPROCESSOR_DEFINITIONS = (
					"DEBUG=1",
					"$(inherited)",
				);
				GCC_WARN_64_TO_32_BIT_CONVERSION = YES;
				GCC_WARN_ABOUT_RETURN_TYPE = YES_ERROR;
				GCC_WARN_UNDECLARED_SELECTOR = YES;
				GCC_WARN_UNINITIALIZED_AUTOS = YES_AGGRESSIVE;
				GCC_WARN_UNUSED_FUNCTION = YES;
				GCC_WARN_UNUSED_VARIABLE = YES;
				IPHONEOS_DEPLOYMENT_TARGET = 13.0;
				MTL_ENABLE_DEBUG_INFO = INCLUDE_SOURCE;
				MTL_FAST_MATH = YES;
				ONLY_ACTIVE_ARCH = YES;
				SDKROOT = iphoneos;
				SWIFT_ACTIVE_COMPILATION_CONDITIONS = DEBUG;
				SWIFT_OPTIMIZATION_LEVEL = "-Onone";
			};
			name = Debug;
		};
		D0651ED028449BBA00CE23D9 /* Release */ = {
			isa = XCBuildConfiguration;
			buildSettings = {
				ALWAYS_SEARCH_USER_PATHS = NO;
				CLANG_ANALYZER_NONNULL = YES;
				CLANG_ANALYZER_NUMBER_OBJECT_CONVERSION = YES_AGGRESSIVE;
				CLANG_CXX_LANGUAGE_STANDARD = "gnu++17";
				CLANG_ENABLE_MODULES = YES;
				CLANG_ENABLE_OBJC_ARC = YES;
				CLANG_ENABLE_OBJC_WEAK = YES;
				CLANG_WARN_BLOCK_CAPTURE_AUTORELEASING = YES;
				CLANG_WARN_BOOL_CONVERSION = YES;
				CLANG_WARN_COMMA = YES;
				CLANG_WARN_CONSTANT_CONVERSION = YES;
				CLANG_WARN_DEPRECATED_OBJC_IMPLEMENTATIONS = YES;
				CLANG_WARN_DIRECT_OBJC_ISA_USAGE = YES_ERROR;
				CLANG_WARN_DOCUMENTATION_COMMENTS = YES;
				CLANG_WARN_EMPTY_BODY = YES;
				CLANG_WARN_ENUM_CONVERSION = YES;
				CLANG_WARN_INFINITE_RECURSION = YES;
				CLANG_WARN_INT_CONVERSION = YES;
				CLANG_WARN_NON_LITERAL_NULL_CONVERSION = YES;
				CLANG_WARN_OBJC_IMPLICIT_RETAIN_SELF = YES;
				CLANG_WARN_OBJC_LITERAL_CONVERSION = YES;
				CLANG_WARN_OBJC_ROOT_CLASS = YES_ERROR;
				CLANG_WARN_QUOTED_INCLUDE_IN_FRAMEWORK_HEADER = YES;
				CLANG_WARN_RANGE_LOOP_ANALYSIS = YES;
				CLANG_WARN_STRICT_PROTOTYPES = YES;
				CLANG_WARN_SUSPICIOUS_MOVE = YES;
				CLANG_WARN_UNGUARDED_AVAILABILITY = YES_AGGRESSIVE;
				CLANG_WARN_UNREACHABLE_CODE = YES;
				CLANG_WARN__DUPLICATE_METHOD_MATCH = YES;
				COPY_PHASE_STRIP = NO;
				DEBUG_INFORMATION_FORMAT = "dwarf-with-dsym";
				ENABLE_NS_ASSERTIONS = NO;
				ENABLE_STRICT_OBJC_MSGSEND = YES;
				GCC_C_LANGUAGE_STANDARD = gnu11;
				GCC_NO_COMMON_BLOCKS = YES;
				GCC_WARN_64_TO_32_BIT_CONVERSION = YES;
				GCC_WARN_ABOUT_RETURN_TYPE = YES_ERROR;
				GCC_WARN_UNDECLARED_SELECTOR = YES;
				GCC_WARN_UNINITIALIZED_AUTOS = YES_AGGRESSIVE;
				GCC_WARN_UNUSED_FUNCTION = YES;
				GCC_WARN_UNUSED_VARIABLE = YES;
				IPHONEOS_DEPLOYMENT_TARGET = 13.0;
				MTL_ENABLE_DEBUG_INFO = NO;
				MTL_FAST_MATH = YES;
				SDKROOT = iphoneos;
				SWIFT_COMPILATION_MODE = wholemodule;
				SWIFT_OPTIMIZATION_LEVEL = "-O";
				VALIDATE_PRODUCT = YES;
			};
			name = Release;
		};
		D0651ED228449BBA00CE23D9 /* Debug */ = {
			isa = XCBuildConfiguration;
			buildSettings = {
				ASSETCATALOG_COMPILER_APPICON_NAME = AppIcon;
				ASSETCATALOG_COMPILER_GLOBAL_ACCENT_COLOR_NAME = AccentColor;
				CODE_SIGN_STYLE = Automatic;
				CURRENT_PROJECT_VERSION = 1;
				DEVELOPMENT_TEAM = 2S52Q5VDX5;
				GENERATE_INFOPLIST_FILE = YES;
				INFOPLIST_FILE = "Movie Box/Info.plist";
				INFOPLIST_KEY_UIApplicationSupportsIndirectInputEvents = YES;
				INFOPLIST_KEY_UILaunchStoryboardName = LaunchScreen;
				INFOPLIST_KEY_UISupportedInterfaceOrientations_iPad = "UIInterfaceOrientationPortrait UIInterfaceOrientationPortraitUpsideDown UIInterfaceOrientationLandscapeLeft UIInterfaceOrientationLandscapeRight";
				INFOPLIST_KEY_UISupportedInterfaceOrientations_iPhone = "UIInterfaceOrientationPortrait UIInterfaceOrientationLandscapeLeft UIInterfaceOrientationLandscapeRight";
				IPHONEOS_DEPLOYMENT_TARGET = 13.0;
				LD_RUNPATH_SEARCH_PATHS = (
					"$(inherited)",
					"@executable_path/Frameworks",
				);
				MARKETING_VERSION = 1.0;
				PRODUCT_BUNDLE_IDENTIFIER = "com.a.pride.Movie-Box";
				PRODUCT_NAME = "$(TARGET_NAME)";
				SWIFT_EMIT_LOC_STRINGS = YES;
				SWIFT_VERSION = 5.0;
				TARGETED_DEVICE_FAMILY = 1;
			};
			name = Debug;
		};
		D0651ED328449BBA00CE23D9 /* Release */ = {
			isa = XCBuildConfiguration;
			buildSettings = {
				ASSETCATALOG_COMPILER_APPICON_NAME = AppIcon;
				ASSETCATALOG_COMPILER_GLOBAL_ACCENT_COLOR_NAME = AccentColor;
				CODE_SIGN_STYLE = Automatic;
				CURRENT_PROJECT_VERSION = 1;
				DEVELOPMENT_TEAM = 2S52Q5VDX5;
				GENERATE_INFOPLIST_FILE = YES;
				INFOPLIST_FILE = "Movie Box/Info.plist";
				INFOPLIST_KEY_UIApplicationSupportsIndirectInputEvents = YES;
				INFOPLIST_KEY_UILaunchStoryboardName = LaunchScreen;
				INFOPLIST_KEY_UISupportedInterfaceOrientations_iPad = "UIInterfaceOrientationPortrait UIInterfaceOrientationPortraitUpsideDown UIInterfaceOrientationLandscapeLeft UIInterfaceOrientationLandscapeRight";
				INFOPLIST_KEY_UISupportedInterfaceOrientations_iPhone = "UIInterfaceOrientationPortrait UIInterfaceOrientationLandscapeLeft UIInterfaceOrientationLandscapeRight";
				IPHONEOS_DEPLOYMENT_TARGET = 13.0;
				LD_RUNPATH_SEARCH_PATHS = (
					"$(inherited)",
					"@executable_path/Frameworks",
				);
				MARKETING_VERSION = 1.0;
				PRODUCT_BUNDLE_IDENTIFIER = "com.a.pride.Movie-Box";
				PRODUCT_NAME = "$(TARGET_NAME)";
				SWIFT_EMIT_LOC_STRINGS = YES;
				SWIFT_VERSION = 5.0;
				TARGETED_DEVICE_FAMILY = 1;
			};
			name = Release;
		};
/* End XCBuildConfiguration section */

/* Begin XCConfigurationList section */
		D0651EB828449BAF00CE23D9 /* Build configuration list for PBXProject "Movie Box" */ = {
			isa = XCConfigurationList;
			buildConfigurations = (
				D0651ECF28449BBA00CE23D9 /* Debug */,
				D0651ED028449BBA00CE23D9 /* Release */,
			);
			defaultConfigurationIsVisible = 0;
			defaultConfigurationName = Release;
		};
		D0651ED128449BBA00CE23D9 /* Build configuration list for PBXNativeTarget "Movie Box" */ = {
			isa = XCConfigurationList;
			buildConfigurations = (
				D0651ED228449BBA00CE23D9 /* Debug */,
				D0651ED328449BBA00CE23D9 /* Release */,
			);
			defaultConfigurationIsVisible = 0;
			defaultConfigurationName = Release;
		};
/* End XCConfigurationList section */

/* Begin XCRemoteSwiftPackageReference section */
		D0B093D828475AED00A49FEB /* XCRemoteSwiftPackageReference "SDWebImage" */ = {
			isa = XCRemoteSwiftPackageReference;
			repositoryURL = "https://github.com/SDWebImage/SDWebImage.git";
			requirement = {
				kind = upToNextMajorVersion;
				minimumVersion = 5.0.0;
			};
		};
/* End XCRemoteSwiftPackageReference section */

/* Begin XCSwiftPackageProductDependency section */
		D0B093D928475AED00A49FEB /* SDWebImage */ = {
			isa = XCSwiftPackageProductDependency;
			package = D0B093D828475AED00A49FEB /* XCRemoteSwiftPackageReference "SDWebImage" */;
			productName = SDWebImage;
		};
		D0B093DB28475AED00A49FEB /* SDWebImageMapKit */ = {
			isa = XCSwiftPackageProductDependency;
			package = D0B093D828475AED00A49FEB /* XCRemoteSwiftPackageReference "SDWebImage" */;
			productName = SDWebImageMapKit;
		};
/* End XCSwiftPackageProductDependency section */
	};
	rootObject = D0651EB528449BAF00CE23D9 /* Project object */;
}
